{
  "object": {
    "pins": [
      {
        "package": "commons",
        "repositoryURL": "git@gitlab.com:openplainness/libraries/apple/commons.git",
        "state": {
          "branch": "develop",
          "revision": "2d9d102cf2d28bab59860643435e6f8a2686d0be",
          "version": null
        }
      }
    ]
  },
  "version": 1
}
