{
  "object": {
    "pins": [
      {
        "package": "commons",
        "repositoryURL": "git@bitbucket.org:openplainness/commons.git",
        "state": {
          "branch": "develop",
          "revision": "47f6d9209f88b229161b878a32f72bbbff555eeb",
          "version": null
        }
      }
    ]
  },
  "version": 1
}
