{
  "object": {
    "pins": [
      {
        "package": "commons",
        "repositoryURL": "git@bitbucket.org:openplainness/commons.git",
        "state": {
          "branch": "develop",
          "revision": "51b56d24d26b5e05f03f0313b3b5af306debeeda",
          "version": null
        }
      }
    ]
  },
  "version": 1
}
